// !$*UTF8*$!
{
	archiveVersion = 1;
	classes = {
	};
	objectVersion = 48;
	objects = {

/* Begin PBXBuildFile section */
		2705A4382069D64F006C0CAC /* AppDelegate.swift in Sources */ = {isa = PBXBuildFile; fileRef = 2705A4372069D64F006C0CAC /* AppDelegate.swift */; };
		2705A43A2069D64F006C0CAC /* ViewController.swift in Sources */ = {isa = PBXBuildFile; fileRef = 2705A4392069D64F006C0CAC /* ViewController.swift */; };
		2705A43D2069D64F006C0CAC /* Main.storyboard in Resources */ = {isa = PBXBuildFile; fileRef = 2705A43B2069D64F006C0CAC /* Main.storyboard */; };
		2705A43F2069D64F006C0CAC /* Assets.xcassets in Resources */ = {isa = PBXBuildFile; fileRef = 2705A43E2069D64F006C0CAC /* Assets.xcassets */; };
		2705A4422069D64F006C0CAC /* LaunchScreen.storyboard in Resources */ = {isa = PBXBuildFile; fileRef = 2705A4402069D64F006C0CAC /* LaunchScreen.storyboard */; };
		2705A44A2069D6D9006C0CAC /* SocketManager.swift in Sources */ = {isa = PBXBuildFile; fileRef = 2705A4492069D6D9006C0CAC /* SocketManager.swift */; };
		2705A45E206A34E2006C0CAC /* Login.proto.swift in Sources */ = {isa = PBXBuildFile; fileRef = 2705A45A206A34E2006C0CAC /* Login.proto.swift */; };
		2705A460206A34E2006C0CAC /* Message.proto.swift in Sources */ = {isa = PBXBuildFile; fileRef = 2705A45C206A34E2006C0CAC /* Message.proto.swift */; };
		2705A461206A34E2006C0CAC /* Friends.proto.swift in Sources */ = {isa = PBXBuildFile; fileRef = 2705A45D206A34E2006C0CAC /* Friends.proto.swift */; };
		2705A465206A4014006C0CAC /* Root.proto.swift in Sources */ = {isa = PBXBuildFile; fileRef = 2705A464206A4014006C0CAC /* Root.proto.swift */; };
		2705A467206A4AD0006C0CAC /* Error.proto.swift in Sources */ = {isa = PBXBuildFile; fileRef = 2705A466206A4AD0006C0CAC /* Error.proto.swift */; };
		27E855DA206A6F0A0081594D /* LoginManager.swift in Sources */ = {isa = PBXBuildFile; fileRef = 27E855D9206A6F0A0081594D /* LoginManager.swift */; };
		A6F1E22818024EEDBFC01A5A /* Pods_IMSocket.framework in Frameworks */ = {isa = PBXBuildFile; fileRef = C785151B0527A1133E0637BD /* Pods_IMSocket.framework */; };
/* End PBXBuildFile section */

/* Begin PBXFileReference section */
		2705A4342069D64F006C0CAC /* IMSocket.app */ = {isa = PBXFileReference; explicitFileType = wrapper.application; includeInIndex = 0; path = IMSocket.app; sourceTree = BUILT_PRODUCTS_DIR; };
		2705A4372069D64F006C0CAC /* AppDelegate.swift */ = {isa = PBXFileReference; lastKnownFileType = sourcecode.swift; path = AppDelegate.swift; sourceTree = "<group>"; };
		2705A4392069D64F006C0CAC /* ViewController.swift */ = {isa = PBXFileReference; lastKnownFileType = sourcecode.swift; path = ViewController.swift; sourceTree = "<group>"; };
		2705A43C2069D64F006C0CAC /* Base */ = {isa = PBXFileReference; lastKnownFileType = file.storyboard; name = Base; path = Base.lproj/Main.storyboard; sourceTree = "<group>"; };
		2705A43E2069D64F006C0CAC /* Assets.xcassets */ = {isa = PBXFileReference; lastKnownFileType = folder.assetcatalog; path = Assets.xcassets; sourceTree = "<group>"; };
		2705A4412069D64F006C0CAC /* Base */ = {isa = PBXFileReference; lastKnownFileType = file.storyboard; name = Base; path = Base.lproj/LaunchScreen.storyboard; sourceTree = "<group>"; };
		2705A4432069D64F006C0CAC /* Info.plist */ = {isa = PBXFileReference; lastKnownFileType = text.plist.xml; path = Info.plist; sourceTree = "<group>"; };
		2705A4492069D6D9006C0CAC /* SocketManager.swift */ = {isa = PBXFileReference; lastKnownFileType = sourcecode.swift; path = SocketManager.swift; sourceTree = "<group>"; };
		2705A45A206A34E2006C0CAC /* Login.proto.swift */ = {isa = PBXFileReference; fileEncoding = 4; lastKnownFileType = sourcecode.swift; path = Login.proto.swift; sourceTree = "<group>"; };
		2705A45C206A34E2006C0CAC /* Message.proto.swift */ = {isa = PBXFileReference; fileEncoding = 4; lastKnownFileType = sourcecode.swift; path = Message.proto.swift; sourceTree = "<group>"; };
		2705A45D206A34E2006C0CAC /* Friends.proto.swift */ = {isa = PBXFileReference; fileEncoding = 4; lastKnownFileType = sourcecode.swift; path = Friends.proto.swift; sourceTree = "<group>"; };
		2705A464206A4014006C0CAC /* Root.proto.swift */ = {isa = PBXFileReference; fileEncoding = 4; lastKnownFileType = sourcecode.swift; path = Root.proto.swift; sourceTree = "<group>"; };
		2705A466206A4AD0006C0CAC /* Error.proto.swift */ = {isa = PBXFileReference; fileEncoding = 4; lastKnownFileType = sourcecode.swift; path = Error.proto.swift; sourceTree = "<group>"; };
		27E855D9206A6F0A0081594D /* LoginManager.swift */ = {isa = PBXFileReference; lastKnownFileType = sourcecode.swift; path = LoginManager.swift; sourceTree = "<group>"; };
		3C8B97401C9D7C6BF1057C53 /* Pods-IMSocket.debug.xcconfig */ = {isa = PBXFileReference; includeInIndex = 1; lastKnownFileType = text.xcconfig; name = "Pods-IMSocket.debug.xcconfig"; path = "Pods/Target Support Files/Pods-IMSocket/Pods-IMSocket.debug.xcconfig"; sourceTree = "<group>"; };
		8434E45BC9DC1EF3E71903CA /* Pods-IMSocket.release.xcconfig */ = {isa = PBXFileReference; includeInIndex = 1; lastKnownFileType = text.xcconfig; name = "Pods-IMSocket.release.xcconfig"; path = "Pods/Target Support Files/Pods-IMSocket/Pods-IMSocket.release.xcconfig"; sourceTree = "<group>"; };
		C785151B0527A1133E0637BD /* Pods_IMSocket.framework */ = {isa = PBXFileReference; explicitFileType = wrapper.framework; includeInIndex = 0; path = Pods_IMSocket.framework; sourceTree = BUILT_PRODUCTS_DIR; };
/* End PBXFileReference section */

/* Begin PBXFrameworksBuildPhase section */
		2705A4312069D64F006C0CAC /* Frameworks */ = {
			isa = PBXFrameworksBuildPhase;
			buildActionMask = 2147483647;
			files = (
				A6F1E22818024EEDBFC01A5A /* Pods_IMSocket.framework in Frameworks */,
			);
			runOnlyForDeploymentPostprocessing = 0;
		};
/* End PBXFrameworksBuildPhase section */

/* Begin PBXGroup section */
		2705A42B2069D64F006C0CAC = {
			isa = PBXGroup;
			children = (
				2705A44B2069E00B006C0CAC /* ProtoBuf */,
				2705A4362069D64F006C0CAC /* IMSocket */,
				2705A4352069D64F006C0CAC /* Products */,
				F8FA0A72B84F6C8ED3EE60B2 /* Pods */,
				7D662FC2986FF149B6BBCB08 /* Frameworks */,
			);
			sourceTree = "<group>";
		};
		2705A4352069D64F006C0CAC /* Products */ = {
			isa = PBXGroup;
			children = (
				2705A4342069D64F006C0CAC /* IMSocket.app */,
			);
			name = Products;
			sourceTree = "<group>";
		};
		2705A4362069D64F006C0CAC /* IMSocket */ = {
			isa = PBXGroup;
			children = (
				2705A4372069D64F006C0CAC /* AppDelegate.swift */,
				2705A4392069D64F006C0CAC /* ViewController.swift */,
				2705A43B2069D64F006C0CAC /* Main.storyboard */,
				2705A43E2069D64F006C0CAC /* Assets.xcassets */,
				2705A4402069D64F006C0CAC /* LaunchScreen.storyboard */,
				2705A4432069D64F006C0CAC /* Info.plist */,
				2705A4492069D6D9006C0CAC /* SocketManager.swift */,
				27E855D9206A6F0A0081594D /* LoginManager.swift */,
			);
			path = IMSocket;
			sourceTree = "<group>";
		};
		2705A44B2069E00B006C0CAC /* ProtoBuf */ = {
			isa = PBXGroup;
			children = (
				2705A466206A4AD0006C0CAC /* Error.proto.swift */,
				2705A45D206A34E2006C0CAC /* Friends.proto.swift */,
				2705A45A206A34E2006C0CAC /* Login.proto.swift */,
				2705A45C206A34E2006C0CAC /* Message.proto.swift */,
				2705A464206A4014006C0CAC /* Root.proto.swift */,
			);
			path = ProtoBuf;
			sourceTree = "<group>";
		};
		7D662FC2986FF149B6BBCB08 /* Frameworks */ = {
			isa = PBXGroup;
			children = (
				C785151B0527A1133E0637BD /* Pods_IMSocket.framework */,
			);
			name = Frameworks;
			sourceTree = "<group>";
		};
		F8FA0A72B84F6C8ED3EE60B2 /* Pods */ = {
			isa = PBXGroup;
			children = (
				3C8B97401C9D7C6BF1057C53 /* Pods-IMSocket.debug.xcconfig */,
				8434E45BC9DC1EF3E71903CA /* Pods-IMSocket.release.xcconfig */,
			);
			name = Pods;
			sourceTree = "<group>";
		};
/* End PBXGroup section */

/* Begin PBXNativeTarget section */
		2705A4332069D64F006C0CAC /* IMSocket */ = {
			isa = PBXNativeTarget;
			buildConfigurationList = 2705A4462069D64F006C0CAC /* Build configuration list for PBXNativeTarget "IMSocket" */;
			buildPhases = (
				2AE26E53213ED63D47FA2036 /* [CP] Check Pods Manifest.lock */,
				2705A4302069D64F006C0CAC /* Sources */,
				2705A4312069D64F006C0CAC /* Frameworks */,
				2705A4322069D64F006C0CAC /* Resources */,
				B29E48496B93A01237B05903 /* [CP] Embed Pods Frameworks */,
				B09FADA2787E98CC86C26402 /* [CP] Copy Pods Resources */,
			);
			buildRules = (
			);
			dependencies = (
			);
			name = IMSocket;
			productName = IMSocket;
			productReference = 2705A4342069D64F006C0CAC /* IMSocket.app */;
			productType = "com.apple.product-type.application";
		};
/* End PBXNativeTarget section */

/* Begin PBXProject section */
		2705A42C2069D64F006C0CAC /* Project object */ = {
			isa = PBXProject;
			attributes = {
				LastSwiftUpdateCheck = 0920;
				LastUpgradeCheck = 0920;
				ORGANIZATIONNAME = "JZTech-weichaocai";
				TargetAttributes = {
					2705A4332069D64F006C0CAC = {
						CreatedOnToolsVersion = 9.2;
						ProvisioningStyle = Automatic;
					};
				};
			};
			buildConfigurationList = 2705A42F2069D64F006C0CAC /* Build configuration list for PBXProject "IMSocket" */;
			compatibilityVersion = "Xcode 8.0";
			developmentRegion = en;
			hasScannedForEncodings = 0;
			knownRegions = (
				en,
				Base,
			);
			mainGroup = 2705A42B2069D64F006C0CAC;
			productRefGroup = 2705A4352069D64F006C0CAC /* Products */;
			projectDirPath = "";
			projectRoot = "";
			targets = (
				2705A4332069D64F006C0CAC /* IMSocket */,
			);
		};
/* End PBXProject section */

/* Begin PBXResourcesBuildPhase section */
		2705A4322069D64F006C0CAC /* Resources */ = {
			isa = PBXResourcesBuildPhase;
			buildActionMask = 2147483647;
			files = (
				2705A4422069D64F006C0CAC /* LaunchScreen.storyboard in Resources */,
				2705A43F2069D64F006C0CAC /* Assets.xcassets in Resources */,
				2705A43D2069D64F006C0CAC /* Main.storyboard in Resources */,
			);
			runOnlyForDeploymentPostprocessing = 0;
		};
/* End PBXResourcesBuildPhase section */

/* Begin PBXShellScriptBuildPhase section */
		2AE26E53213ED63D47FA2036 /* [CP] Check Pods Manifest.lock */ = {
			isa = PBXShellScriptBuildPhase;
			buildActionMask = 2147483647;
			files = (
			);
			inputPaths = (
				"${PODS_PODFILE_DIR_PATH}/Podfile.lock",
				"${PODS_ROOT}/Manifest.lock",
			);
			name = "[CP] Check Pods Manifest.lock";
			outputPaths = (
				"$(DERIVED_FILE_DIR)/Pods-IMSocket-checkManifestLockResult.txt",
			);
			runOnlyForDeploymentPostprocessing = 0;
			shellPath = /bin/sh;
			shellScript = "diff \"${PODS_PODFILE_DIR_PATH}/Podfile.lock\" \"${PODS_ROOT}/Manifest.lock\" > /dev/null\nif [ $? != 0 ] ; then\n    # print error to STDERR\n    echo \"error: The sandbox is not in sync with the Podfile.lock. Run 'pod install' or update your CocoaPods installation.\" >&2\n    exit 1\nfi\n# This output is used by Xcode 'outputs' to avoid re-running this script phase.\necho \"SUCCESS\" > \"${SCRIPT_OUTPUT_FILE_0}\"\n";
			showEnvVarsInLog = 0;
		};
		B09FADA2787E98CC86C26402 /* [CP] Copy Pods Resources */ = {
			isa = PBXShellScriptBuildPhase;
			buildActionMask = 2147483647;
			files = (
			);
			inputPaths = (
			);
			name = "[CP] Copy Pods Resources";
			outputPaths = (
			);
			runOnlyForDeploymentPostprocessing = 0;
			shellPath = /bin/sh;
			shellScript = "\"${SRCROOT}/Pods/Target Support Files/Pods-IMSocket/Pods-IMSocket-resources.sh\"\n";
			showEnvVarsInLog = 0;
		};
		B29E48496B93A01237B05903 /* [CP] Embed Pods Frameworks */ = {
			isa = PBXShellScriptBuildPhase;
			buildActionMask = 2147483647;
			files = (
			);
			inputPaths = (
				"${SRCROOT}/Pods/Target Support Files/Pods-IMSocket/Pods-IMSocket-frameworks.sh",
				"${BUILT_PRODUCTS_DIR}/CocoaAsyncSocket/CocoaAsyncSocket.framework",
				"${BUILT_PRODUCTS_DIR}/ProtocolBuffers-Swift/ProtocolBuffers.framework",
			);
			name = "[CP] Embed Pods Frameworks";
			outputPaths = (
				"${TARGET_BUILD_DIR}/${FRAMEWORKS_FOLDER_PATH}/CocoaAsyncSocket.framework",
				"${TARGET_BUILD_DIR}/${FRAMEWORKS_FOLDER_PATH}/ProtocolBuffers.framework",
			);
			runOnlyForDeploymentPostprocessing = 0;
			shellPath = /bin/sh;
			shellScript = "\"${SRCROOT}/Pods/Target Support Files/Pods-IMSocket/Pods-IMSocket-frameworks.sh\"\n";
			showEnvVarsInLog = 0;
		};
/* End PBXShellScriptBuildPhase section */

/* Begin PBXSourcesBuildPhase section */
		2705A4302069D64F006C0CAC /* Sources */ = {
			isa = PBXSourcesBuildPhase;
			buildActionMask = 2147483647;
			files = (
				2705A467206A4AD0006C0CAC /* Error.proto.swift in Sources */,
				2705A45E206A34E2006C0CAC /* Login.proto.swift in Sources */,
				2705A465206A4014006C0CAC /* Root.proto.swift in Sources */,
				2705A43A2069D64F006C0CAC /* ViewController.swift in Sources */,
				2705A44A2069D6D9006C0CAC /* SocketManager.swift in Sources */,
				2705A461206A34E2006C0CAC /* Friends.proto.swift in Sources */,
				27E855DA206A6F0A0081594D /* LoginManager.swift in Sources */,
				2705A460206A34E2006C0CAC /* Message.proto.swift in Sources */,
				2705A4382069D64F006C0CAC /* AppDelegate.swift in Sources */,
			);
			runOnlyForDeploymentPostprocessing = 0;
		};
/* End PBXSourcesBuildPhase section */

/* Begin PBXVariantGroup section */
		2705A43B2069D64F006C0CAC /* Main.storyboard */ = {
			isa = PBXVariantGroup;
			children = (
				2705A43C2069D64F006C0CAC /* Base */,
			);
			name = Main.storyboard;
			sourceTree = "<group>";
		};
		2705A4402069D64F006C0CAC /* LaunchScreen.storyboard */ = {
			isa = PBXVariantGroup;
			children = (
				2705A4412069D64F006C0CAC /* Base */,
			);
			name = LaunchScreen.storyboard;
			sourceTree = "<group>";
		};
/* End PBXVariantGroup section */

/* Begin XCBuildConfiguration section */
		2705A4442069D64F006C0CAC /* Debug */ = {
			isa = XCBuildConfiguration;
			buildSettings = {
				ALWAYS_SEARCH_USER_PATHS = NO;
				CLANG_ANALYZER_NONNULL = YES;
				CLANG_ANALYZER_NUMBER_OBJECT_CONVERSION = YES_AGGRESSIVE;
				CLANG_CXX_LANGUAGE_STANDARD = "gnu++14";
				CLANG_CXX_LIBRARY = "libc++";
				CLANG_ENABLE_MODULES = YES;
				CLANG_ENABLE_OBJC_ARC = YES;
				CLANG_WARN_BLOCK_CAPTURE_AUTORELEASING = YES;
				CLANG_WARN_BOOL_CONVERSION = YES;
				CLANG_WARN_COMMA = YES;
				CLANG_WARN_CONSTANT_CONVERSION = YES;
				CLANG_WARN_DIRECT_OBJC_ISA_USAGE = YES_ERROR;
				CLANG_WARN_DOCUMENTATION_COMMENTS = YES;
				CLANG_WARN_EMPTY_BODY = YES;
				CLANG_WARN_ENUM_CONVERSION = YES;
				CLANG_WARN_INFINITE_RECURSION = YES;
				CLANG_WARN_INT_CONVERSION = YES;
				CLANG_WARN_NON_LITERAL_NULL_CONVERSION = YES;
				CLANG_WARN_OBJC_LITERAL_CONVERSION = YES;
				CLANG_WARN_OBJC_ROOT_CLASS = YES_ERROR;
				CLANG_WARN_RANGE_LOOP_ANALYSIS = YES;
				CLANG_WARN_STRICT_PROTOTYPES = YES;
				CLANG_WARN_SUSPICIOUS_MOVE = YES;
				CLANG_WARN_UNGUARDED_AVAILABILITY = YES_AGGRESSIVE;
				CLANG_WARN_UNREACHABLE_CODE = YES;
				CLANG_WARN__DUPLICATE_METHOD_MATCH = YES;
				CODE_SIGN_IDENTITY = "iPhone Developer";
				COPY_PHASE_STRIP = NO;
				DEBUG_INFORMATION_FORMAT = dwarf;
				ENABLE_STRICT_OBJC_MSGSEND = YES;
				ENABLE_TESTABILITY = YES;
				GCC_C_LANGUAGE_STANDARD = gnu11;
				GCC_DYNAMIC_NO_PIC = NO;
				GCC_NO_COMMON_BLOCKS = YES;
				GCC_OPTIMIZATION_LEVEL = 0;
				GCC_PREPROCESSOR_DEFINITIONS = (
					"DEBUG=1",
					"$(inherited)",
				);
				GCC_WARN_64_TO_32_BIT_CONVERSION = YES;
				GCC_WARN_ABOUT_RETURN_TYPE = YES_ERROR;
				GCC_WARN_UNDECLARED_SELECTOR = YES;
				GCC_WARN_UNINITIALIZED_AUTOS = YES_AGGRESSIVE;
				GCC_WARN_UNUSED_FUNCTION = YES;
				GCC_WARN_UNUSED_VARIABLE = YES;
				IPHONEOS_DEPLOYMENT_TARGET = 11.2;
				MTL_ENABLE_DEBUG_INFO = YES;
				ONLY_ACTIVE_ARCH = YES;
				SDKROOT = iphoneos;
				SWIFT_ACTIVE_COMPILATION_CONDITIONS = DEBUG;
				SWIFT_OPTIMIZATION_LEVEL = "-Onone";
			};
			name = Debug;
		};
		2705A4452069D64F006C0CAC /* Release */ = {
			isa = XCBuildConfiguration;
			buildSettings = {
				ALWAYS_SEARCH_USER_PATHS = NO;
				CLANG_ANALYZER_NONNULL = YES;
				CLANG_ANALYZER_NUMBER_OBJECT_CONVERSION = YES_AGGRESSIVE;
				CLANG_CXX_LANGUAGE_STANDARD = "gnu++14";
				CLANG_CXX_LIBRARY = "libc++";
				CLANG_ENABLE_MODULES = YES;
				CLANG_ENABLE_OBJC_ARC = YES;
				CLANG_WARN_BLOCK_CAPTURE_AUTORELEASING = YES;
				CLANG_WARN_BOOL_CONVERSION = YES;
				CLANG_WARN_COMMA = YES;
				CLANG_WARN_CONSTANT_CONVERSION = YES;
				CLANG_WARN_DIRECT_OBJC_ISA_USAGE = YES_ERROR;
				CLANG_WARN_DOCUMENTATION_COMMENTS = YES;
				CLANG_WARN_EMPTY_BODY = YES;
				CLANG_WARN_ENUM_CONVERSION = YES;
				CLANG_WARN_INFINITE_RECURSION = YES;
				CLANG_WARN_INT_CONVERSION = YES;
				CLANG_WARN_NON_LITERAL_NULL_CONVERSION = YES;
				CLANG_WARN_OBJC_LITERAL_CONVERSION = YES;
				CLANG_WARN_OBJC_ROOT_CLASS = YES_ERROR;
				CLANG_WARN_RANGE_LOOP_ANALYSIS = YES;
				CLANG_WARN_STRICT_PROTOTYPES = YES;
				CLANG_WARN_SUSPICIOUS_MOVE = YES;
				CLANG_WARN_UNGUARDED_AVAILABILITY = YES_AGGRESSIVE;
				CLANG_WARN_UNREACHABLE_CODE = YES;
				CLANG_WARN__DUPLICATE_METHOD_MATCH = YES;
				CODE_SIGN_IDENTITY = "iPhone Developer";
				COPY_PHASE_STRIP = NO;
				DEBUG_INFORMATION_FORMAT = "dwarf-with-dsym";
				ENABLE_NS_ASSERTIONS = NO;
				ENABLE_STRICT_OBJC_MSGSEND = YES;
				GCC_C_LANGUAGE_STANDARD = gnu11;
				GCC_NO_COMMON_BLOCKS = YES;
				GCC_WARN_64_TO_32_BIT_CONVERSION = YES;
				GCC_WARN_ABOUT_RETURN_TYPE = YES_ERROR;
				GCC_WARN_UNDECLARED_SELECTOR = YES;
				GCC_WARN_UNINITIALIZED_AUTOS = YES_AGGRESSIVE;
				GCC_WARN_UNUSED_FUNCTION = YES;
				GCC_WARN_UNUSED_VARIABLE = YES;
				IPHONEOS_DEPLOYMENT_TARGET = 11.2;
				MTL_ENABLE_DEBUG_INFO = NO;
				SDKROOT = iphoneos;
				SWIFT_OPTIMIZATION_LEVEL = "-Owholemodule";
				VALIDATE_PRODUCT = YES;
			};
			name = Release;
		};
		2705A4472069D64F006C0CAC /* Debug */ = {
			isa = XCBuildConfiguration;
			baseConfigurationReference = 3C8B97401C9D7C6BF1057C53 /* Pods-IMSocket.debug.xcconfig */;
			buildSettings = {
				ASSETCATALOG_COMPILER_APPICON_NAME = AppIcon;
				CODE_SIGN_STYLE = Automatic;
				DEVELOPMENT_TEAM = K33W94ZR6C;
				INFOPLIST_FILE = IMSocket/Info.plist;
				LD_RUNPATH_SEARCH_PATHS = "$(inherited) @executable_path/Frameworks";
				PRODUCT_BUNDLE_IDENTIFIER = com.some.IMSocket;
				PRODUCT_NAME = "$(TARGET_NAME)";
				SWIFT_VERSION = 4.0;
				TARGETED_DEVICE_FAMILY = "1,2";
			};
			name = Debug;
		};
		2705A4482069D64F006C0CAC /* Release */ = {
			isa = XCBuildConfiguration;
			baseConfigurationReference = 8434E45BC9DC1EF3E71903CA /* Pods-IMSocket.release.xcconfig */;
			buildSettings = {
				ASSETCATALOG_COMPILER_APPICON_NAME = AppIcon;
				CODE_SIGN_STYLE = Automatic;
				DEVELOPMENT_TEAM = K33W94ZR6C;
				INFOPLIST_FILE = IMSocket/Info.plist;
				LD_RUNPATH_SEARCH_PATHS = "$(inherited) @executable_path/Frameworks";
				PRODUCT_BUNDLE_IDENTIFIER = com.some.IMSocket;
				PRODUCT_NAME = "$(TARGET_NAME)";
				SWIFT_VERSION = 4.0;
				TARGETED_DEVICE_FAMILY = "1,2";
			};
			name = Release;
		};
/* End XCBuildConfiguration section */

/* Begin XCConfigurationList section */
		2705A42F2069D64F006C0CAC /* Build configuration list for PBXProject "IMSocket" */ = {
			isa = XCConfigurationList;
			buildConfigurations = (
				2705A4442069D64F006C0CAC /* Debug */,
				2705A4452069D64F006C0CAC /* Release */,
			);
			defaultConfigurationIsVisible = 0;
			defaultConfigurationName = Release;
		};
		2705A4462069D64F006C0CAC /* Build configuration list for PBXNativeTarget "IMSocket" */ = {
			isa = XCConfigurationList;
			buildConfigurations = (
				2705A4472069D64F006C0CAC /* Debug */,
				2705A4482069D64F006C0CAC /* Release */,
			);
			defaultConfigurationIsVisible = 0;
			defaultConfigurationName = Release;
		};
/* End XCConfigurationList section */
	};
	rootObject = 2705A42C2069D64F006C0CAC /* Project object */;
}
