// !$*UTF8*$!
{
	archiveVersion = 1;
	classes = {
	};
	objectVersion = 48;
	objects = {

/* Begin PBXBuildFile section */
		06B4CB10BEDE973D31739FBF /* Pods_TodayTest.framework in Frameworks */ = {isa = PBXBuildFile; fileRef = 5DDFC288374621151B7F82C5 /* Pods_TodayTest.framework */; };
		2705A4382069D64F006C0CAC /* AppDelegate.swift in Sources */ = {isa = PBXBuildFile; fileRef = 2705A4372069D64F006C0CAC /* AppDelegate.swift */; };
		2705A43A2069D64F006C0CAC /* ViewController.swift in Sources */ = {isa = PBXBuildFile; fileRef = 2705A4392069D64F006C0CAC /* ViewController.swift */; };
		2705A43D2069D64F006C0CAC /* Main.storyboard in Resources */ = {isa = PBXBuildFile; fileRef = 2705A43B2069D64F006C0CAC /* Main.storyboard */; };
		2705A43F2069D64F006C0CAC /* Assets.xcassets in Resources */ = {isa = PBXBuildFile; fileRef = 2705A43E2069D64F006C0CAC /* Assets.xcassets */; };
		2705A4422069D64F006C0CAC /* LaunchScreen.storyboard in Resources */ = {isa = PBXBuildFile; fileRef = 2705A4402069D64F006C0CAC /* LaunchScreen.storyboard */; };
		2705A44A2069D6D9006C0CAC /* SocketManager.swift in Sources */ = {isa = PBXBuildFile; fileRef = 2705A4492069D6D9006C0CAC /* SocketManager.swift */; };
		2705A460206A34E2006C0CAC /* Message.proto.swift in Sources */ = {isa = PBXBuildFile; fileRef = 2705A45C206A34E2006C0CAC /* Message.proto.swift */; };
		2705A461206A34E2006C0CAC /* Friends.proto.swift in Sources */ = {isa = PBXBuildFile; fileRef = 2705A45D206A34E2006C0CAC /* Friends.proto.swift */; };
		2705A467206A4AD0006C0CAC /* Error.proto.swift in Sources */ = {isa = PBXBuildFile; fileRef = 2705A466206A4AD0006C0CAC /* Error.proto.swift */; };
		2718868B207145BC00E29292 /* DeviceHelper.m in Sources */ = {isa = PBXBuildFile; fileRef = 2718868A207145BC00E29292 /* DeviceHelper.m */; };
		274A95F8207260F600A54F4C /* Notification.proto.swift in Sources */ = {isa = PBXBuildFile; fileRef = 274A95F6207260F600A54F4C /* Notification.proto.swift */; };
		274A95F9207260F600A54F4C /* P2Pconnect.proto.swift in Sources */ = {isa = PBXBuildFile; fileRef = 274A95F7207260F600A54F4C /* P2Pconnect.proto.swift */; };
		274A95FE2072640300A54F4C /* P2PManager.swift in Sources */ = {isa = PBXBuildFile; fileRef = 274A95FD2072640300A54F4C /* P2PManager.swift */; };
		275C55EC206D172D00DC2CFC /* User.proto.swift in Sources */ = {isa = PBXBuildFile; fileRef = 275C55EB206D172D00DC2CFC /* User.proto.swift */; };
		275C55EE206D173200DC2CFC /* Common.proto.swift in Sources */ = {isa = PBXBuildFile; fileRef = 275C55ED206D173200DC2CFC /* Common.proto.swift */; };
		2782C07A206BC9E70097E246 /* SocketDataBuilder.swift in Sources */ = {isa = PBXBuildFile; fileRef = 2782C079206BC9E70097E246 /* SocketDataBuilder.swift */; };
		27832985206E1DEB00BFCE51 /* MessageManager.swift in Sources */ = {isa = PBXBuildFile; fileRef = 27832984206E1DEB00BFCE51 /* MessageManager.swift */; };
		27832987206E261600BFCE51 /* PingManager.swift in Sources */ = {isa = PBXBuildFile; fileRef = 27832986206E261600BFCE51 /* PingManager.swift */; };
		27DB33B6206CC0420032B1C4 /* NotificationCenter.framework in Frameworks */ = {isa = PBXBuildFile; fileRef = 27DB338E206CBC040032B1C4 /* NotificationCenter.framework */; };
		27DB33B9206CC0420032B1C4 /* TodayViewController.swift in Sources */ = {isa = PBXBuildFile; fileRef = 27DB33B8206CC0420032B1C4 /* TodayViewController.swift */; };
		27DB33BC206CC0420032B1C4 /* MainInterface.storyboard in Resources */ = {isa = PBXBuildFile; fileRef = 27DB33BA206CC0420032B1C4 /* MainInterface.storyboard */; };
		27DB33C0206CC0420032B1C4 /* TodayTest.appex in Embed App Extensions */ = {isa = PBXBuildFile; fileRef = 27DB33B5206CC0420032B1C4 /* TodayTest.appex */; settings = {ATTRIBUTES = (RemoveHeadersOnCopy, ); }; };
		27E855DA206A6F0A0081594D /* LoginManager.swift in Sources */ = {isa = PBXBuildFile; fileRef = 27E855D9206A6F0A0081594D /* LoginManager.swift */; };
		55EE64B6207540B000B9B930 /* Base.proto.swift in Sources */ = {isa = PBXBuildFile; fileRef = 55EE64B5207540B000B9B930 /* Base.proto.swift */; };
		A6F1E22818024EEDBFC01A5A /* Pods_IMSocket.framework in Frameworks */ = {isa = PBXBuildFile; fileRef = C785151B0527A1133E0637BD /* Pods_IMSocket.framework */; };
/* End PBXBuildFile section */

/* Begin PBXContainerItemProxy section */
		27DB33BE206CC0420032B1C4 /* PBXContainerItemProxy */ = {
			isa = PBXContainerItemProxy;
			containerPortal = 2705A42C2069D64F006C0CAC /* Project object */;
			proxyType = 1;
			remoteGlobalIDString = 27DB33B4206CC0420032B1C4;
			remoteInfo = TodayTest;
		};
/* End PBXContainerItemProxy section */

/* Begin PBXCopyFilesBuildPhase section */
		27DB339D206CBC040032B1C4 /* Embed App Extensions */ = {
			isa = PBXCopyFilesBuildPhase;
			buildActionMask = 2147483647;
			dstPath = "";
			dstSubfolderSpec = 13;
			files = (
				27DB33C0206CC0420032B1C4 /* TodayTest.appex in Embed App Extensions */,
			);
			name = "Embed App Extensions";
			runOnlyForDeploymentPostprocessing = 0;
		};
/* End PBXCopyFilesBuildPhase section */

/* Begin PBXFileReference section */
		2705A4342069D64F006C0CAC /* IMSocket.app */ = {isa = PBXFileReference; explicitFileType = wrapper.application; includeInIndex = 0; path = IMSocket.app; sourceTree = BUILT_PRODUCTS_DIR; };
		2705A4372069D64F006C0CAC /* AppDelegate.swift */ = {isa = PBXFileReference; lastKnownFileType = sourcecode.swift; path = AppDelegate.swift; sourceTree = "<group>"; };
		2705A4392069D64F006C0CAC /* ViewController.swift */ = {isa = PBXFileReference; lastKnownFileType = sourcecode.swift; path = ViewController.swift; sourceTree = "<group>"; };
		2705A43C2069D64F006C0CAC /* Base */ = {isa = PBXFileReference; lastKnownFileType = file.storyboard; name = Base; path = Base.lproj/Main.storyboard; sourceTree = "<group>"; };
		2705A43E2069D64F006C0CAC /* Assets.xcassets */ = {isa = PBXFileReference; lastKnownFileType = folder.assetcatalog; path = Assets.xcassets; sourceTree = "<group>"; };
		2705A4412069D64F006C0CAC /* Base */ = {isa = PBXFileReference; lastKnownFileType = file.storyboard; name = Base; path = Base.lproj/LaunchScreen.storyboard; sourceTree = "<group>"; };
		2705A4432069D64F006C0CAC /* Info.plist */ = {isa = PBXFileReference; lastKnownFileType = text.plist.xml; path = Info.plist; sourceTree = "<group>"; };
		2705A4492069D6D9006C0CAC /* SocketManager.swift */ = {isa = PBXFileReference; lastKnownFileType = sourcecode.swift; path = SocketManager.swift; sourceTree = "<group>"; };
		2705A45C206A34E2006C0CAC /* Message.proto.swift */ = {isa = PBXFileReference; fileEncoding = 4; lastKnownFileType = sourcecode.swift; path = Message.proto.swift; sourceTree = "<group>"; };
		2705A45D206A34E2006C0CAC /* Friends.proto.swift */ = {isa = PBXFileReference; fileEncoding = 4; lastKnownFileType = sourcecode.swift; path = Friends.proto.swift; sourceTree = "<group>"; };
		2705A466206A4AD0006C0CAC /* Error.proto.swift */ = {isa = PBXFileReference; fileEncoding = 4; lastKnownFileType = sourcecode.swift; path = Error.proto.swift; sourceTree = "<group>"; };
		27188688207145BB00E29292 /* IMSocket-Bridging-Header.h */ = {isa = PBXFileReference; lastKnownFileType = sourcecode.c.h; path = "IMSocket-Bridging-Header.h"; sourceTree = "<group>"; };
		27188689207145BC00E29292 /* DeviceHelper.h */ = {isa = PBXFileReference; lastKnownFileType = sourcecode.c.h; path = DeviceHelper.h; sourceTree = "<group>"; };
		2718868A207145BC00E29292 /* DeviceHelper.m */ = {isa = PBXFileReference; lastKnownFileType = sourcecode.c.objc; path = DeviceHelper.m; sourceTree = "<group>"; };
		274A95F6207260F600A54F4C /* Notification.proto.swift */ = {isa = PBXFileReference; fileEncoding = 4; lastKnownFileType = sourcecode.swift; path = Notification.proto.swift; sourceTree = "<group>"; };
		274A95F7207260F600A54F4C /* P2Pconnect.proto.swift */ = {isa = PBXFileReference; fileEncoding = 4; lastKnownFileType = sourcecode.swift; path = P2Pconnect.proto.swift; sourceTree = "<group>"; };
		274A95FD2072640300A54F4C /* P2PManager.swift */ = {isa = PBXFileReference; lastKnownFileType = sourcecode.swift; path = P2PManager.swift; sourceTree = "<group>"; };
		275C55EB206D172D00DC2CFC /* User.proto.swift */ = {isa = PBXFileReference; fileEncoding = 4; lastKnownFileType = sourcecode.swift; path = User.proto.swift; sourceTree = "<group>"; };
		275C55ED206D173200DC2CFC /* Common.proto.swift */ = {isa = PBXFileReference; fileEncoding = 4; lastKnownFileType = sourcecode.swift; path = Common.proto.swift; sourceTree = "<group>"; };
		2782C079206BC9E70097E246 /* SocketDataBuilder.swift */ = {isa = PBXFileReference; lastKnownFileType = sourcecode.swift; path = SocketDataBuilder.swift; sourceTree = "<group>"; };
		27832984206E1DEB00BFCE51 /* MessageManager.swift */ = {isa = PBXFileReference; lastKnownFileType = sourcecode.swift; path = MessageManager.swift; sourceTree = "<group>"; };
		27832986206E261600BFCE51 /* PingManager.swift */ = {isa = PBXFileReference; lastKnownFileType = sourcecode.swift; path = PingManager.swift; sourceTree = "<group>"; };
		27DB338E206CBC040032B1C4 /* NotificationCenter.framework */ = {isa = PBXFileReference; lastKnownFileType = wrapper.framework; name = NotificationCenter.framework; path = System/Library/Frameworks/NotificationCenter.framework; sourceTree = SDKROOT; };
		27DB33B5206CC0420032B1C4 /* TodayTest.appex */ = {isa = PBXFileReference; explicitFileType = "wrapper.app-extension"; includeInIndex = 0; path = TodayTest.appex; sourceTree = BUILT_PRODUCTS_DIR; };
		27DB33B8206CC0420032B1C4 /* TodayViewController.swift */ = {isa = PBXFileReference; lastKnownFileType = sourcecode.swift; path = TodayViewController.swift; sourceTree = "<group>"; };
		27DB33BB206CC0420032B1C4 /* Base */ = {isa = PBXFileReference; lastKnownFileType = file.storyboard; name = Base; path = Base.lproj/MainInterface.storyboard; sourceTree = "<group>"; };
		27DB33BD206CC0420032B1C4 /* Info.plist */ = {isa = PBXFileReference; lastKnownFileType = text.plist.xml; path = Info.plist; sourceTree = "<group>"; };
		27DB33C4206CC4F40032B1C4 /* IMSocket.entitlements */ = {isa = PBXFileReference; lastKnownFileType = text.plist.entitlements; path = IMSocket.entitlements; sourceTree = "<group>"; };
		27DB33C5206CC5170032B1C4 /* TodayTest.entitlements */ = {isa = PBXFileReference; lastKnownFileType = text.plist.entitlements; path = TodayTest.entitlements; sourceTree = "<group>"; };
		27E855D9206A6F0A0081594D /* LoginManager.swift */ = {isa = PBXFileReference; lastKnownFileType = sourcecode.swift; path = LoginManager.swift; sourceTree = "<group>"; };
		29E40CDC9F6C8907E1C4DAF9 /* Pods-TodayTest.release.xcconfig */ = {isa = PBXFileReference; includeInIndex = 1; lastKnownFileType = text.xcconfig; name = "Pods-TodayTest.release.xcconfig"; path = "Pods/Target Support Files/Pods-TodayTest/Pods-TodayTest.release.xcconfig"; sourceTree = "<group>"; };
		3C8B97401C9D7C6BF1057C53 /* Pods-IMSocket.debug.xcconfig */ = {isa = PBXFileReference; includeInIndex = 1; lastKnownFileType = text.xcconfig; name = "Pods-IMSocket.debug.xcconfig"; path = "Pods/Target Support Files/Pods-IMSocket/Pods-IMSocket.debug.xcconfig"; sourceTree = "<group>"; };
		55EE64B5207540B000B9B930 /* Base.proto.swift */ = {isa = PBXFileReference; fileEncoding = 4; lastKnownFileType = sourcecode.swift; path = Base.proto.swift; sourceTree = "<group>"; };
		5DDFC288374621151B7F82C5 /* Pods_TodayTest.framework */ = {isa = PBXFileReference; explicitFileType = wrapper.framework; includeInIndex = 0; path = Pods_TodayTest.framework; sourceTree = BUILT_PRODUCTS_DIR; };
		8434E45BC9DC1EF3E71903CA /* Pods-IMSocket.release.xcconfig */ = {isa = PBXFileReference; includeInIndex = 1; lastKnownFileType = text.xcconfig; name = "Pods-IMSocket.release.xcconfig"; path = "Pods/Target Support Files/Pods-IMSocket/Pods-IMSocket.release.xcconfig"; sourceTree = "<group>"; };
		C785151B0527A1133E0637BD /* Pods_IMSocket.framework */ = {isa = PBXFileReference; explicitFileType = wrapper.framework; includeInIndex = 0; path = Pods_IMSocket.framework; sourceTree = BUILT_PRODUCTS_DIR; };
		EF6A3BCE9109CDFF2E8209CB /* Pods-TodayTest.debug.xcconfig */ = {isa = PBXFileReference; includeInIndex = 1; lastKnownFileType = text.xcconfig; name = "Pods-TodayTest.debug.xcconfig"; path = "Pods/Target Support Files/Pods-TodayTest/Pods-TodayTest.debug.xcconfig"; sourceTree = "<group>"; };
/* End PBXFileReference section */

/* Begin PBXFrameworksBuildPhase section */
		2705A4312069D64F006C0CAC /* Frameworks */ = {
			isa = PBXFrameworksBuildPhase;
			buildActionMask = 2147483647;
			files = (
				A6F1E22818024EEDBFC01A5A /* Pods_IMSocket.framework in Frameworks */,
			);
			runOnlyForDeploymentPostprocessing = 0;
		};
		27DB33B2206CC0420032B1C4 /* Frameworks */ = {
			isa = PBXFrameworksBuildPhase;
			buildActionMask = 2147483647;
			files = (
				27DB33B6206CC0420032B1C4 /* NotificationCenter.framework in Frameworks */,
				06B4CB10BEDE973D31739FBF /* Pods_TodayTest.framework in Frameworks */,
			);
			runOnlyForDeploymentPostprocessing = 0;
		};
/* End PBXFrameworksBuildPhase section */

/* Begin PBXGroup section */
		2705A42B2069D64F006C0CAC = {
			isa = PBXGroup;
			children = (
				2705A44B2069E00B006C0CAC /* ProtoBuf */,
				2705A4362069D64F006C0CAC /* IMSocket */,
				27DB33B7206CC0420032B1C4 /* TodayTest */,
				2705A4352069D64F006C0CAC /* Products */,
				F8FA0A72B84F6C8ED3EE60B2 /* Pods */,
				7D662FC2986FF149B6BBCB08 /* Frameworks */,
			);
			sourceTree = "<group>";
		};
		2705A4352069D64F006C0CAC /* Products */ = {
			isa = PBXGroup;
			children = (
				2705A4342069D64F006C0CAC /* IMSocket.app */,
				27DB33B5206CC0420032B1C4 /* TodayTest.appex */,
			);
			name = Products;
			sourceTree = "<group>";
		};
		2705A4362069D64F006C0CAC /* IMSocket */ = {
			isa = PBXGroup;
			children = (
				27DB33C4206CC4F40032B1C4 /* IMSocket.entitlements */,
				2705A4372069D64F006C0CAC /* AppDelegate.swift */,
				2705A4392069D64F006C0CAC /* ViewController.swift */,
				2705A43B2069D64F006C0CAC /* Main.storyboard */,
				2705A43E2069D64F006C0CAC /* Assets.xcassets */,
				2705A4402069D64F006C0CAC /* LaunchScreen.storyboard */,
				2705A4432069D64F006C0CAC /* Info.plist */,
				2705A4492069D6D9006C0CAC /* SocketManager.swift */,
				27E855D9206A6F0A0081594D /* LoginManager.swift */,
				2782C079206BC9E70097E246 /* SocketDataBuilder.swift */,
				27832984206E1DEB00BFCE51 /* MessageManager.swift */,
				27832986206E261600BFCE51 /* PingManager.swift */,
				27188689207145BC00E29292 /* DeviceHelper.h */,
				2718868A207145BC00E29292 /* DeviceHelper.m */,
				27188688207145BB00E29292 /* IMSocket-Bridging-Header.h */,
				274A95FD2072640300A54F4C /* P2PManager.swift */,
			);
			path = IMSocket;
			sourceTree = "<group>";
		};
		2705A44B2069E00B006C0CAC /* ProtoBuf */ = {
			isa = PBXGroup;
			children = (
				55EE64B5207540B000B9B930 /* Base.proto.swift */,
				274A95F6207260F600A54F4C /* Notification.proto.swift */,
				274A95F7207260F600A54F4C /* P2Pconnect.proto.swift */,
				275C55ED206D173200DC2CFC /* Common.proto.swift */,
				275C55EB206D172D00DC2CFC /* User.proto.swift */,
				2705A466206A4AD0006C0CAC /* Error.proto.swift */,
				2705A45D206A34E2006C0CAC /* Friends.proto.swift */,
				2705A45C206A34E2006C0CAC /* Message.proto.swift */,
			);
			path = ProtoBuf;
			sourceTree = "<group>";
		};
		27DB33B7206CC0420032B1C4 /* TodayTest */ = {
			isa = PBXGroup;
			children = (
				27DB33C5206CC5170032B1C4 /* TodayTest.entitlements */,
				27DB33B8206CC0420032B1C4 /* TodayViewController.swift */,
				27DB33BA206CC0420032B1C4 /* MainInterface.storyboard */,
				27DB33BD206CC0420032B1C4 /* Info.plist */,
			);
			path = TodayTest;
			sourceTree = "<group>";
		};
		7D662FC2986FF149B6BBCB08 /* Frameworks */ = {
			isa = PBXGroup;
			children = (
				C785151B0527A1133E0637BD /* Pods_IMSocket.framework */,
				27DB338E206CBC040032B1C4 /* NotificationCenter.framework */,
				5DDFC288374621151B7F82C5 /* Pods_TodayTest.framework */,
			);
			name = Frameworks;
			sourceTree = "<group>";
		};
		F8FA0A72B84F6C8ED3EE60B2 /* Pods */ = {
			isa = PBXGroup;
			children = (
				3C8B97401C9D7C6BF1057C53 /* Pods-IMSocket.debug.xcconfig */,
				8434E45BC9DC1EF3E71903CA /* Pods-IMSocket.release.xcconfig */,
				EF6A3BCE9109CDFF2E8209CB /* Pods-TodayTest.debug.xcconfig */,
				29E40CDC9F6C8907E1C4DAF9 /* Pods-TodayTest.release.xcconfig */,
			);
			name = Pods;
			sourceTree = "<group>";
		};
/* End PBXGroup section */

/* Begin PBXNativeTarget section */
		2705A4332069D64F006C0CAC /* IMSocket */ = {
			isa = PBXNativeTarget;
			buildConfigurationList = 2705A4462069D64F006C0CAC /* Build configuration list for PBXNativeTarget "IMSocket" */;
			buildPhases = (
				2AE26E53213ED63D47FA2036 /* [CP] Check Pods Manifest.lock */,
				2705A4302069D64F006C0CAC /* Sources */,
				2705A4312069D64F006C0CAC /* Frameworks */,
				2705A4322069D64F006C0CAC /* Resources */,
				B29E48496B93A01237B05903 /* [CP] Embed Pods Frameworks */,
				B09FADA2787E98CC86C26402 /* [CP] Copy Pods Resources */,
				27DB339D206CBC040032B1C4 /* Embed App Extensions */,
			);
			buildRules = (
			);
			dependencies = (
				27DB33BF206CC0420032B1C4 /* PBXTargetDependency */,
			);
			name = IMSocket;
			productName = IMSocket;
			productReference = 2705A4342069D64F006C0CAC /* IMSocket.app */;
			productType = "com.apple.product-type.application";
		};
		27DB33B4206CC0420032B1C4 /* TodayTest */ = {
			isa = PBXNativeTarget;
			buildConfigurationList = 27DB33C1206CC0420032B1C4 /* Build configuration list for PBXNativeTarget "TodayTest" */;
			buildPhases = (
				938DFD11ABA041A0ECB8420A /* [CP] Check Pods Manifest.lock */,
				27DB33B1206CC0420032B1C4 /* Sources */,
				27DB33B2206CC0420032B1C4 /* Frameworks */,
				27DB33B3206CC0420032B1C4 /* Resources */,
				A6BB1401651309FAD318745C /* [CP] Copy Pods Resources */,
			);
			buildRules = (
			);
			dependencies = (
			);
			name = TodayTest;
			productName = TodayTest;
			productReference = 27DB33B5206CC0420032B1C4 /* TodayTest.appex */;
			productType = "com.apple.product-type.app-extension";
		};
/* End PBXNativeTarget section */

/* Begin PBXProject section */
		2705A42C2069D64F006C0CAC /* Project object */ = {
			isa = PBXProject;
			attributes = {
				LastSwiftUpdateCheck = 0920;
				LastUpgradeCheck = 0920;
				ORGANIZATIONNAME = "JZTech-weichaocai";
				TargetAttributes = {
					2705A4332069D64F006C0CAC = {
						CreatedOnToolsVersion = 9.2;
						LastSwiftMigration = 0930;
						ProvisioningStyle = Automatic;
						SystemCapabilities = {
							com.apple.ApplicationGroups.iOS = {
								enabled = 1;
							};
						};
					};
					27DB33B4206CC0420032B1C4 = {
						CreatedOnToolsVersion = 9.2;
						ProvisioningStyle = Automatic;
						SystemCapabilities = {
							com.apple.ApplicationGroups.iOS = {
								enabled = 1;
							};
						};
					};
				};
			};
			buildConfigurationList = 2705A42F2069D64F006C0CAC /* Build configuration list for PBXProject "IMSocket" */;
			compatibilityVersion = "Xcode 8.0";
			developmentRegion = en;
			hasScannedForEncodings = 0;
			knownRegions = (
				en,
				Base,
			);
			mainGroup = 2705A42B2069D64F006C0CAC;
			productRefGroup = 2705A4352069D64F006C0CAC /* Products */;
			projectDirPath = "";
			projectRoot = "";
			targets = (
				2705A4332069D64F006C0CAC /* IMSocket */,
				27DB33B4206CC0420032B1C4 /* TodayTest */,
			);
		};
/* End PBXProject section */

/* Begin PBXResourcesBuildPhase section */
		2705A4322069D64F006C0CAC /* Resources */ = {
			isa = PBXResourcesBuildPhase;
			buildActionMask = 2147483647;
			files = (
				2705A4422069D64F006C0CAC /* LaunchScreen.storyboard in Resources */,
				2705A43F2069D64F006C0CAC /* Assets.xcassets in Resources */,
				2705A43D2069D64F006C0CAC /* Main.storyboard in Resources */,
			);
			runOnlyForDeploymentPostprocessing = 0;
		};
		27DB33B3206CC0420032B1C4 /* Resources */ = {
			isa = PBXResourcesBuildPhase;
			buildActionMask = 2147483647;
			files = (
				27DB33BC206CC0420032B1C4 /* MainInterface.storyboard in Resources */,
			);
			runOnlyForDeploymentPostprocessing = 0;
		};
/* End PBXResourcesBuildPhase section */

/* Begin PBXShellScriptBuildPhase section */
		2AE26E53213ED63D47FA2036 /* [CP] Check Pods Manifest.lock */ = {
			isa = PBXShellScriptBuildPhase;
			buildActionMask = 2147483647;
			files = (
			);
			inputPaths = (
				"${PODS_PODFILE_DIR_PATH}/Podfile.lock",
				"${PODS_ROOT}/Manifest.lock",
			);
			name = "[CP] Check Pods Manifest.lock";
			outputPaths = (
				"$(DERIVED_FILE_DIR)/Pods-IMSocket-checkManifestLockResult.txt",
			);
			runOnlyForDeploymentPostprocessing = 0;
			shellPath = /bin/sh;
			shellScript = "diff \"${PODS_PODFILE_DIR_PATH}/Podfile.lock\" \"${PODS_ROOT}/Manifest.lock\" > /dev/null\nif [ $? != 0 ] ; then\n    # print error to STDERR\n    echo \"error: The sandbox is not in sync with the Podfile.lock. Run 'pod install' or update your CocoaPods installation.\" >&2\n    exit 1\nfi\n# This output is used by Xcode 'outputs' to avoid re-running this script phase.\necho \"SUCCESS\" > \"${SCRIPT_OUTPUT_FILE_0}\"\n";
			showEnvVarsInLog = 0;
		};
		938DFD11ABA041A0ECB8420A /* [CP] Check Pods Manifest.lock */ = {
			isa = PBXShellScriptBuildPhase;
			buildActionMask = 2147483647;
			files = (
			);
			inputPaths = (
				"${PODS_PODFILE_DIR_PATH}/Podfile.lock",
				"${PODS_ROOT}/Manifest.lock",
			);
			name = "[CP] Check Pods Manifest.lock";
			outputPaths = (
				"$(DERIVED_FILE_DIR)/Pods-TodayTest-checkManifestLockResult.txt",
			);
			runOnlyForDeploymentPostprocessing = 0;
			shellPath = /bin/sh;
			shellScript = "diff \"${PODS_PODFILE_DIR_PATH}/Podfile.lock\" \"${PODS_ROOT}/Manifest.lock\" > /dev/null\nif [ $? != 0 ] ; then\n    # print error to STDERR\n    echo \"error: The sandbox is not in sync with the Podfile.lock. Run 'pod install' or update your CocoaPods installation.\" >&2\n    exit 1\nfi\n# This output is used by Xcode 'outputs' to avoid re-running this script phase.\necho \"SUCCESS\" > \"${SCRIPT_OUTPUT_FILE_0}\"\n";
			showEnvVarsInLog = 0;
		};
		A6BB1401651309FAD318745C /* [CP] Copy Pods Resources */ = {
			isa = PBXShellScriptBuildPhase;
			buildActionMask = 2147483647;
			files = (
			);
			inputPaths = (
			);
			name = "[CP] Copy Pods Resources";
			outputPaths = (
			);
			runOnlyForDeploymentPostprocessing = 0;
			shellPath = /bin/sh;
			shellScript = "\"${SRCROOT}/Pods/Target Support Files/Pods-TodayTest/Pods-TodayTest-resources.sh\"\n";
			showEnvVarsInLog = 0;
		};
		B09FADA2787E98CC86C26402 /* [CP] Copy Pods Resources */ = {
			isa = PBXShellScriptBuildPhase;
			buildActionMask = 2147483647;
			files = (
			);
			inputPaths = (
			);
			name = "[CP] Copy Pods Resources";
			outputPaths = (
			);
			runOnlyForDeploymentPostprocessing = 0;
			shellPath = /bin/sh;
			shellScript = "\"${SRCROOT}/Pods/Target Support Files/Pods-IMSocket/Pods-IMSocket-resources.sh\"\n";
			showEnvVarsInLog = 0;
		};
		B29E48496B93A01237B05903 /* [CP] Embed Pods Frameworks */ = {
			isa = PBXShellScriptBuildPhase;
			buildActionMask = 2147483647;
			files = (
			);
			inputPaths = (
				"${SRCROOT}/Pods/Target Support Files/Pods-IMSocket/Pods-IMSocket-frameworks.sh",
				"${BUILT_PRODUCTS_DIR}/AFNetworking/AFNetworking.framework",
				"${BUILT_PRODUCTS_DIR}/Alamofire/Alamofire.framework",
				"${BUILT_PRODUCTS_DIR}/CocoaAsyncSocket/CocoaAsyncSocket.framework",
				"${BUILT_PRODUCTS_DIR}/Moya/Moya.framework",
				"${BUILT_PRODUCTS_DIR}/ProtocolBuffers-Swift/ProtocolBuffers.framework",
				"${BUILT_PRODUCTS_DIR}/Result/Result.framework",
				"${BUILT_PRODUCTS_DIR}/SDWebImage/SDWebImage.framework",
			);
			name = "[CP] Embed Pods Frameworks";
			outputPaths = (
				"${TARGET_BUILD_DIR}/${FRAMEWORKS_FOLDER_PATH}/AFNetworking.framework",
				"${TARGET_BUILD_DIR}/${FRAMEWORKS_FOLDER_PATH}/Alamofire.framework",
				"${TARGET_BUILD_DIR}/${FRAMEWORKS_FOLDER_PATH}/CocoaAsyncSocket.framework",
				"${TARGET_BUILD_DIR}/${FRAMEWORKS_FOLDER_PATH}/Moya.framework",
				"${TARGET_BUILD_DIR}/${FRAMEWORKS_FOLDER_PATH}/ProtocolBuffers.framework",
				"${TARGET_BUILD_DIR}/${FRAMEWORKS_FOLDER_PATH}/Result.framework",
				"${TARGET_BUILD_DIR}/${FRAMEWORKS_FOLDER_PATH}/SDWebImage.framework",
			);
			runOnlyForDeploymentPostprocessing = 0;
			shellPath = /bin/sh;
			shellScript = "\"${SRCROOT}/Pods/Target Support Files/Pods-IMSocket/Pods-IMSocket-frameworks.sh\"\n";
			showEnvVarsInLog = 0;
		};
/* End PBXShellScriptBuildPhase section */

/* Begin PBXSourcesBuildPhase section */
		2705A4302069D64F006C0CAC /* Sources */ = {
			isa = PBXSourcesBuildPhase;
			buildActionMask = 2147483647;
			files = (
				2705A467206A4AD0006C0CAC /* Error.proto.swift in Sources */,
				274A95FE2072640300A54F4C /* P2PManager.swift in Sources */,
				2705A43A2069D64F006C0CAC /* ViewController.swift in Sources */,
				274A95F8207260F600A54F4C /* Notification.proto.swift in Sources */,
				27832985206E1DEB00BFCE51 /* MessageManager.swift in Sources */,
				2782C07A206BC9E70097E246 /* SocketDataBuilder.swift in Sources */,
				2705A44A2069D6D9006C0CAC /* SocketManager.swift in Sources */,
				275C55EE206D173200DC2CFC /* Common.proto.swift in Sources */,
				2705A461206A34E2006C0CAC /* Friends.proto.swift in Sources */,
				275C55EC206D172D00DC2CFC /* User.proto.swift in Sources */,
				27E855DA206A6F0A0081594D /* LoginManager.swift in Sources */,
				55EE64B6207540B000B9B930 /* Base.proto.swift in Sources */,
				2705A460206A34E2006C0CAC /* Message.proto.swift in Sources */,
				27832987206E261600BFCE51 /* PingManager.swift in Sources */,
				2705A4382069D64F006C0CAC /* AppDelegate.swift in Sources */,
				2718868B207145BC00E29292 /* DeviceHelper.m in Sources */,
				274A95F9207260F600A54F4C /* P2Pconnect.proto.swift in Sources */,
			);
			runOnlyForDeploymentPostprocessing = 0;
		};
		27DB33B1206CC0420032B1C4 /* Sources */ = {
			isa = PBXSourcesBuildPhase;
			buildActionMask = 2147483647;
			files = (
				27DB33B9206CC0420032B1C4 /* TodayViewController.swift in Sources */,
			);
			runOnlyForDeploymentPostprocessing = 0;
		};
/* End PBXSourcesBuildPhase section */

/* Begin PBXTargetDependency section */
		27DB33BF206CC0420032B1C4 /* PBXTargetDependency */ = {
			isa = PBXTargetDependency;
			target = 27DB33B4206CC0420032B1C4 /* TodayTest */;
			targetProxy = 27DB33BE206CC0420032B1C4 /* PBXContainerItemProxy */;
		};
/* End PBXTargetDependency section */

/* Begin PBXVariantGroup section */
		2705A43B2069D64F006C0CAC /* Main.storyboard */ = {
			isa = PBXVariantGroup;
			children = (
				2705A43C2069D64F006C0CAC /* Base */,
			);
			name = Main.storyboard;
			sourceTree = "<group>";
		};
		2705A4402069D64F006C0CAC /* LaunchScreen.storyboard */ = {
			isa = PBXVariantGroup;
			children = (
				2705A4412069D64F006C0CAC /* Base */,
			);
			name = LaunchScreen.storyboard;
			sourceTree = "<group>";
		};
		27DB33BA206CC0420032B1C4 /* MainInterface.storyboard */ = {
			isa = PBXVariantGroup;
			children = (
				27DB33BB206CC0420032B1C4 /* Base */,
			);
			name = MainInterface.storyboard;
			sourceTree = "<group>";
		};
/* End PBXVariantGroup section */

/* Begin XCBuildConfiguration section */
		2705A4442069D64F006C0CAC /* Debug */ = {
			isa = XCBuildConfiguration;
			buildSettings = {
				ALWAYS_SEARCH_USER_PATHS = NO;
				CLANG_ANALYZER_NONNULL = YES;
				CLANG_ANALYZER_NUMBER_OBJECT_CONVERSION = YES_AGGRESSIVE;
				CLANG_CXX_LANGUAGE_STANDARD = "gnu++14";
				CLANG_CXX_LIBRARY = "libc++";
				CLANG_ENABLE_MODULES = YES;
				CLANG_ENABLE_OBJC_ARC = YES;
				CLANG_WARN_BLOCK_CAPTURE_AUTORELEASING = YES;
				CLANG_WARN_BOOL_CONVERSION = YES;
				CLANG_WARN_COMMA = YES;
				CLANG_WARN_CONSTANT_CONVERSION = YES;
				CLANG_WARN_DIRECT_OBJC_ISA_USAGE = YES_ERROR;
				CLANG_WARN_DOCUMENTATION_COMMENTS = YES;
				CLANG_WARN_EMPTY_BODY = YES;
				CLANG_WARN_ENUM_CONVERSION = YES;
				CLANG_WARN_INFINITE_RECURSION = YES;
				CLANG_WARN_INT_CONVERSION = YES;
				CLANG_WARN_NON_LITERAL_NULL_CONVERSION = YES;
				CLANG_WARN_OBJC_LITERAL_CONVERSION = YES;
				CLANG_WARN_OBJC_ROOT_CLASS = YES_ERROR;
				CLANG_WARN_RANGE_LOOP_ANALYSIS = YES;
				CLANG_WARN_STRICT_PROTOTYPES = YES;
				CLANG_WARN_SUSPICIOUS_MOVE = YES;
				CLANG_WARN_UNGUARDED_AVAILABILITY = YES_AGGRESSIVE;
				CLANG_WARN_UNREACHABLE_CODE = YES;
				CLANG_WARN__DUPLICATE_METHOD_MATCH = YES;
				CODE_SIGN_IDENTITY = "iPhone Developer";
				COPY_PHASE_STRIP = NO;
				DEBUG_INFORMATION_FORMAT = dwarf;
				ENABLE_STRICT_OBJC_MSGSEND = YES;
				ENABLE_TESTABILITY = YES;
				GCC_C_LANGUAGE_STANDARD = gnu11;
				GCC_DYNAMIC_NO_PIC = NO;
				GCC_NO_COMMON_BLOCKS = YES;
				GCC_OPTIMIZATION_LEVEL = 0;
				GCC_PREPROCESSOR_DEFINITIONS = (
					"DEBUG=1",
					"$(inherited)",
				);
				GCC_WARN_64_TO_32_BIT_CONVERSION = YES;
				GCC_WARN_ABOUT_RETURN_TYPE = YES_ERROR;
				GCC_WARN_UNDECLARED_SELECTOR = YES;
				GCC_WARN_UNINITIALIZED_AUTOS = YES_AGGRESSIVE;
				GCC_WARN_UNUSED_FUNCTION = YES;
				GCC_WARN_UNUSED_VARIABLE = YES;
				IPHONEOS_DEPLOYMENT_TARGET = 11.2;
				MTL_ENABLE_DEBUG_INFO = YES;
				ONLY_ACTIVE_ARCH = YES;
				SDKROOT = iphoneos;
				SWIFT_ACTIVE_COMPILATION_CONDITIONS = DEBUG;
				SWIFT_OPTIMIZATION_LEVEL = "-Onone";
			};
			name = Debug;
		};
		2705A4452069D64F006C0CAC /* Release */ = {
			isa = XCBuildConfiguration;
			buildSettings = {
				ALWAYS_SEARCH_USER_PATHS = NO;
				CLANG_ANALYZER_NONNULL = YES;
				CLANG_ANALYZER_NUMBER_OBJECT_CONVERSION = YES_AGGRESSIVE;
				CLANG_CXX_LANGUAGE_STANDARD = "gnu++14";
				CLANG_CXX_LIBRARY = "libc++";
				CLANG_ENABLE_MODULES = YES;
				CLANG_ENABLE_OBJC_ARC = YES;
				CLANG_WARN_BLOCK_CAPTURE_AUTORELEASING = YES;
				CLANG_WARN_BOOL_CONVERSION = YES;
				CLANG_WARN_COMMA = YES;
				CLANG_WARN_CONSTANT_CONVERSION = YES;
				CLANG_WARN_DIRECT_OBJC_ISA_USAGE = YES_ERROR;
				CLANG_WARN_DOCUMENTATION_COMMENTS = YES;
				CLANG_WARN_EMPTY_BODY = YES;
				CLANG_WARN_ENUM_CONVERSION = YES;
				CLANG_WARN_INFINITE_RECURSION = YES;
				CLANG_WARN_INT_CONVERSION = YES;
				CLANG_WARN_NON_LITERAL_NULL_CONVERSION = YES;
				CLANG_WARN_OBJC_LITERAL_CONVERSION = YES;
				CLANG_WARN_OBJC_ROOT_CLASS = YES_ERROR;
				CLANG_WARN_RANGE_LOOP_ANALYSIS = YES;
				CLANG_WARN_STRICT_PROTOTYPES = YES;
				CLANG_WARN_SUSPICIOUS_MOVE = YES;
				CLANG_WARN_UNGUARDED_AVAILABILITY = YES_AGGRESSIVE;
				CLANG_WARN_UNREACHABLE_CODE = YES;
				CLANG_WARN__DUPLICATE_METHOD_MATCH = YES;
				CODE_SIGN_IDENTITY = "iPhone Developer";
				COPY_PHASE_STRIP = NO;
				DEBUG_INFORMATION_FORMAT = "dwarf-with-dsym";
				ENABLE_NS_ASSERTIONS = NO;
				ENABLE_STRICT_OBJC_MSGSEND = YES;
				GCC_C_LANGUAGE_STANDARD = gnu11;
				GCC_NO_COMMON_BLOCKS = YES;
				GCC_WARN_64_TO_32_BIT_CONVERSION = YES;
				GCC_WARN_ABOUT_RETURN_TYPE = YES_ERROR;
				GCC_WARN_UNDECLARED_SELECTOR = YES;
				GCC_WARN_UNINITIALIZED_AUTOS = YES_AGGRESSIVE;
				GCC_WARN_UNUSED_FUNCTION = YES;
				GCC_WARN_UNUSED_VARIABLE = YES;
				IPHONEOS_DEPLOYMENT_TARGET = 11.2;
				MTL_ENABLE_DEBUG_INFO = NO;
				SDKROOT = iphoneos;
				SWIFT_OPTIMIZATION_LEVEL = "-Owholemodule";
				VALIDATE_PRODUCT = YES;
			};
			name = Release;
		};
		2705A4472069D64F006C0CAC /* Debug */ = {
			isa = XCBuildConfiguration;
			baseConfigurationReference = 3C8B97401C9D7C6BF1057C53 /* Pods-IMSocket.debug.xcconfig */;
			buildSettings = {
				ALWAYS_EMBED_SWIFT_STANDARD_LIBRARIES = YES;
				ASSETCATALOG_COMPILER_APPICON_NAME = AppIcon;
				CLANG_ENABLE_MODULES = YES;
				CODE_SIGN_ENTITLEMENTS = IMSocket/IMSocket.entitlements;
				CODE_SIGN_STYLE = Automatic;
				DEVELOPMENT_TEAM = K33W94ZR6C;
				INFOPLIST_FILE = IMSocket/Info.plist;
				LD_RUNPATH_SEARCH_PATHS = "$(inherited) @executable_path/Frameworks";
				PRODUCT_BUNDLE_IDENTIFIER = com.some.IMSocket;
				PRODUCT_NAME = "$(TARGET_NAME)";
				SWIFT_OBJC_BRIDGING_HEADER = "IMSocket/IMSocket-Bridging-Header.h";
				SWIFT_OPTIMIZATION_LEVEL = "-Onone";
				SWIFT_VERSION = 4.0;
				TARGETED_DEVICE_FAMILY = "1,2";
			};
			name = Debug;
		};
		2705A4482069D64F006C0CAC /* Release */ = {
			isa = XCBuildConfiguration;
			baseConfigurationReference = 8434E45BC9DC1EF3E71903CA /* Pods-IMSocket.release.xcconfig */;
			buildSettings = {
				ALWAYS_EMBED_SWIFT_STANDARD_LIBRARIES = YES;
				ASSETCATALOG_COMPILER_APPICON_NAME = AppIcon;
				CLANG_ENABLE_MODULES = YES;
				CODE_SIGN_ENTITLEMENTS = IMSocket/IMSocket.entitlements;
				CODE_SIGN_STYLE = Automatic;
				DEVELOPMENT_TEAM = K33W94ZR6C;
				INFOPLIST_FILE = IMSocket/Info.plist;
				LD_RUNPATH_SEARCH_PATHS = "$(inherited) @executable_path/Frameworks";
				PRODUCT_BUNDLE_IDENTIFIER = com.some.IMSocket;
				PRODUCT_NAME = "$(TARGET_NAME)";
				SWIFT_OBJC_BRIDGING_HEADER = "IMSocket/IMSocket-Bridging-Header.h";
				SWIFT_VERSION = 4.0;
				TARGETED_DEVICE_FAMILY = "1,2";
			};
			name = Release;
		};
		27DB33C2206CC0420032B1C4 /* Debug */ = {
			isa = XCBuildConfiguration;
			baseConfigurationReference = EF6A3BCE9109CDFF2E8209CB /* Pods-TodayTest.debug.xcconfig */;
			buildSettings = {
				CODE_SIGN_ENTITLEMENTS = TodayTest/TodayTest.entitlements;
				CODE_SIGN_STYLE = Automatic;
				DEVELOPMENT_TEAM = K33W94ZR6C;
				INFOPLIST_FILE = TodayTest/Info.plist;
				LD_RUNPATH_SEARCH_PATHS = "$(inherited) @executable_path/Frameworks @executable_path/../../Frameworks";
				PRODUCT_BUNDLE_IDENTIFIER = com.some.IMSocket.TodayTest;
				PRODUCT_NAME = "$(TARGET_NAME)";
				SKIP_INSTALL = YES;
				SWIFT_VERSION = 4.0;
				TARGETED_DEVICE_FAMILY = "1,2";
			};
			name = Debug;
		};
		27DB33C3206CC0420032B1C4 /* Release */ = {
			isa = XCBuildConfiguration;
			baseConfigurationReference = 29E40CDC9F6C8907E1C4DAF9 /* Pods-TodayTest.release.xcconfig */;
			buildSettings = {
				CODE_SIGN_ENTITLEMENTS = TodayTest/TodayTest.entitlements;
				CODE_SIGN_STYLE = Automatic;
				DEVELOPMENT_TEAM = K33W94ZR6C;
				INFOPLIST_FILE = TodayTest/Info.plist;
				LD_RUNPATH_SEARCH_PATHS = "$(inherited) @executable_path/Frameworks @executable_path/../../Frameworks";
				PRODUCT_BUNDLE_IDENTIFIER = com.some.IMSocket.TodayTest;
				PRODUCT_NAME = "$(TARGET_NAME)";
				SKIP_INSTALL = YES;
				SWIFT_VERSION = 4.0;
				TARGETED_DEVICE_FAMILY = "1,2";
			};
			name = Release;
		};
/* End XCBuildConfiguration section */

/* Begin XCConfigurationList section */
		2705A42F2069D64F006C0CAC /* Build configuration list for PBXProject "IMSocket" */ = {
			isa = XCConfigurationList;
			buildConfigurations = (
				2705A4442069D64F006C0CAC /* Debug */,
				2705A4452069D64F006C0CAC /* Release */,
			);
			defaultConfigurationIsVisible = 0;
			defaultConfigurationName = Release;
		};
		2705A4462069D64F006C0CAC /* Build configuration list for PBXNativeTarget "IMSocket" */ = {
			isa = XCConfigurationList;
			buildConfigurations = (
				2705A4472069D64F006C0CAC /* Debug */,
				2705A4482069D64F006C0CAC /* Release */,
			);
			defaultConfigurationIsVisible = 0;
			defaultConfigurationName = Release;
		};
		27DB33C1206CC0420032B1C4 /* Build configuration list for PBXNativeTarget "TodayTest" */ = {
			isa = XCConfigurationList;
			buildConfigurations = (
				27DB33C2206CC0420032B1C4 /* Debug */,
				27DB33C3206CC0420032B1C4 /* Release */,
			);
			defaultConfigurationIsVisible = 0;
			defaultConfigurationName = Release;
		};
/* End XCConfigurationList section */
	};
	rootObject = 2705A42C2069D64F006C0CAC /* Project object */;
}
